// !$*UTF8*$!
{
	archiveVersion = 1;
	classes = {
	};
	objectVersion = 46;
	objects = {

/* Begin PBXBuildFile section */
		EC1557701B43571900F31B67 /* libsqlite3.dylib in Frameworks */ = {isa = PBXBuildFile; fileRef = EC15576F1B43571900F31B67 /* libsqlite3.dylib */; };
		EC1557821B435CCA00F31B67 /* MBXOfflineMapDatabase.m in Sources */ = {isa = PBXBuildFile; fileRef = EC1557781B435A5600F31B67 /* MBXOfflineMapDatabase.m */; };
		EC1557831B435CCA00F31B67 /* MBXOfflineMapDownloader.m in Sources */ = {isa = PBXBuildFile; fileRef = EC15577A1B435A5600F31B67 /* MBXOfflineMapDownloader.m */; };
		EC1557841B435CCA00F31B67 /* MBXPointAnnotation.m in Sources */ = {isa = PBXBuildFile; fileRef = EC15577C1B435A5600F31B67 /* MBXPointAnnotation.m */; };
		EC1557851B435CCA00F31B67 /* MBXRasterTileOverlay.m in Sources */ = {isa = PBXBuildFile; fileRef = EC15577E1B435A5600F31B67 /* MBXRasterTileOverlay.m */; };
		EC1557861B435CCA00F31B67 /* MBXRasterTileRenderer.m in Sources */ = {isa = PBXBuildFile; fileRef = EC1557801B435A5600F31B67 /* MBXRasterTileRenderer.m */; };
		EC1557871B435CCA00F31B67 /* MBXMapKit.m in Sources */ = {isa = PBXBuildFile; fileRef = EC1557741B43584700F31B67 /* MBXMapKit.m */; };
		EC20EC111B3ECDAF005D8025 /* Data.swift in Sources */ = {isa = PBXBuildFile; fileRef = EC20EC101B3ECDAF005D8025 /* Data.swift */; };
		EC20EC131B3ED2EE005D8025 /* IntroVC.swift in Sources */ = {isa = PBXBuildFile; fileRef = EC20EC121B3ED2EE005D8025 /* IntroVC.swift */; };
		EC20EC171B3EE403005D8025 /* CountiesTVC.swift in Sources */ = {isa = PBXBuildFile; fileRef = EC20EC161B3EE403005D8025 /* CountiesTVC.swift */; };
		EC20EC1D1B3F1C77005D8025 /* MapVC.swift in Sources */ = {isa = PBXBuildFile; fileRef = EC20EC1C1B3F1C77005D8025 /* MapVC.swift */; };
		EC4851DC1B4022B8006F70A8 /* MapKit.framework in Frameworks */ = {isa = PBXBuildFile; fileRef = EC4851DB1B4022B8006F70A8 /* MapKit.framework */; };
		EC4851DE1B408A5E006F70A8 /* Counties.plist in Resources */ = {isa = PBXBuildFile; fileRef = EC4851DD1B408A5E006F70A8 /* Counties.plist */; };
		ECDD18001B3EC9250003B350 /* AppDelegate.swift in Sources */ = {isa = PBXBuildFile; fileRef = ECDD17FF1B3EC9250003B350 /* AppDelegate.swift */; };
		ECDD18051B3EC9250003B350 /* Main.storyboard in Resources */ = {isa = PBXBuildFile; fileRef = ECDD18031B3EC9250003B350 /* Main.storyboard */; };
		ECDD18071B3EC9250003B350 /* Images.xcassets in Resources */ = {isa = PBXBuildFile; fileRef = ECDD18061B3EC9250003B350 /* Images.xcassets */; };
		ECDD180A1B3EC9250003B350 /* LaunchScreen.xib in Resources */ = {isa = PBXBuildFile; fileRef = ECDD18081B3EC9250003B350 /* LaunchScreen.xib */; };
		ECDD18161B3EC9250003B350 /* Early_VotingTests.swift in Sources */ = {isa = PBXBuildFile; fileRef = ECDD18151B3EC9250003B350 /* Early_VotingTests.swift */; };
/* End PBXBuildFile section */

/* Begin PBXContainerItemProxy section */
		ECDD18101B3EC9250003B350 /* PBXContainerItemProxy */ = {
			isa = PBXContainerItemProxy;
			containerPortal = ECDD17F21B3EC9240003B350 /* Project object */;
			proxyType = 1;
			remoteGlobalIDString = ECDD17F91B3EC9240003B350;
			remoteInfo = "Early Voting";
		};
/* End PBXContainerItemProxy section */

/* Begin PBXFileReference section */
		EC15576F1B43571900F31B67 /* libsqlite3.dylib */ = {isa = PBXFileReference; lastKnownFileType = "compiled.mach-o.dylib"; name = libsqlite3.dylib; path = usr/lib/libsqlite3.dylib; sourceTree = SDKROOT; };
		EC1557721B43580E00F31B67 /* MBXMapKit.h */ = {isa = PBXFileReference; lastKnownFileType = sourcecode.c.h; name = MBXMapKit.h; path = MBXMapKit/MBXMapKit.h; sourceTree = "<group>"; };
		EC1557731B43584700F31B67 /* Early Voting-Bridging-Header.h */ = {isa = PBXFileReference; lastKnownFileType = sourcecode.c.h; path = "Early Voting-Bridging-Header.h"; sourceTree = "<group>"; };
		EC1557741B43584700F31B67 /* MBXMapKit.m */ = {isa = PBXFileReference; fileEncoding = 4; lastKnownFileType = sourcecode.c.objc; name = MBXMapKit.m; path = MBXMapKit/MBXMapKit.m; sourceTree = "<group>"; };
		EC1557761B435A5600F31B67 /* MBXConstantsAndTypes.h */ = {isa = PBXFileReference; lastKnownFileType = sourcecode.c.h; path = MBXConstantsAndTypes.h; sourceTree = "<group>"; };
		EC1557771B435A5600F31B67 /* MBXOfflineMapDatabase.h */ = {isa = PBXFileReference; lastKnownFileType = sourcecode.c.h; path = MBXOfflineMapDatabase.h; sourceTree = "<group>"; };
		EC1557781B435A5600F31B67 /* MBXOfflineMapDatabase.m */ = {isa = PBXFileReference; lastKnownFileType = sourcecode.c.objc; path = MBXOfflineMapDatabase.m; sourceTree = "<group>"; };
		EC1557791B435A5600F31B67 /* MBXOfflineMapDownloader.h */ = {isa = PBXFileReference; lastKnownFileType = sourcecode.c.h; path = MBXOfflineMapDownloader.h; sourceTree = "<group>"; };
		EC15577A1B435A5600F31B67 /* MBXOfflineMapDownloader.m */ = {isa = PBXFileReference; lastKnownFileType = sourcecode.c.objc; path = MBXOfflineMapDownloader.m; sourceTree = "<group>"; };
		EC15577B1B435A5600F31B67 /* MBXPointAnnotation.h */ = {isa = PBXFileReference; lastKnownFileType = sourcecode.c.h; path = MBXPointAnnotation.h; sourceTree = "<group>"; };
		EC15577C1B435A5600F31B67 /* MBXPointAnnotation.m */ = {isa = PBXFileReference; lastKnownFileType = sourcecode.c.objc; path = MBXPointAnnotation.m; sourceTree = "<group>"; };
		EC15577D1B435A5600F31B67 /* MBXRasterTileOverlay.h */ = {isa = PBXFileReference; lastKnownFileType = sourcecode.c.h; path = MBXRasterTileOverlay.h; sourceTree = "<group>"; };
		EC15577E1B435A5600F31B67 /* MBXRasterTileOverlay.m */ = {isa = PBXFileReference; lastKnownFileType = sourcecode.c.objc; path = MBXRasterTileOverlay.m; sourceTree = "<group>"; };
		EC15577F1B435A5600F31B67 /* MBXRasterTileRenderer.h */ = {isa = PBXFileReference; lastKnownFileType = sourcecode.c.h; path = MBXRasterTileRenderer.h; sourceTree = "<group>"; };
		EC1557801B435A5600F31B67 /* MBXRasterTileRenderer.m */ = {isa = PBXFileReference; lastKnownFileType = sourcecode.c.objc; path = MBXRasterTileRenderer.m; sourceTree = "<group>"; };
		EC20EC101B3ECDAF005D8025 /* Data.swift */ = {isa = PBXFileReference; fileEncoding = 4; lastKnownFileType = sourcecode.swift; path = Data.swift; sourceTree = "<group>"; };
		EC20EC121B3ED2EE005D8025 /* IntroVC.swift */ = {isa = PBXFileReference; fileEncoding = 4; lastKnownFileType = sourcecode.swift; path = IntroVC.swift; sourceTree = "<group>"; };
		EC20EC161B3EE403005D8025 /* CountiesTVC.swift */ = {isa = PBXFileReference; fileEncoding = 4; lastKnownFileType = sourcecode.swift; path = CountiesTVC.swift; sourceTree = "<group>"; };
		EC20EC1C1B3F1C77005D8025 /* MapVC.swift */ = {isa = PBXFileReference; fileEncoding = 4; lastKnownFileType = sourcecode.swift; path = MapVC.swift; sourceTree = "<group>"; };
		EC4851DB1B4022B8006F70A8 /* MapKit.framework */ = {isa = PBXFileReference; lastKnownFileType = wrapper.framework; name = MapKit.framework; path = System/Library/Frameworks/MapKit.framework; sourceTree = SDKROOT; };
		EC4851DD1B408A5E006F70A8 /* Counties.plist */ = {isa = PBXFileReference; fileEncoding = 4; lastKnownFileType = text.plist.xml; path = Counties.plist; sourceTree = "<group>"; };
		ECDD17FA1B3EC9250003B350 /* Early Voting.app */ = {isa = PBXFileReference; explicitFileType = wrapper.application; includeInIndex = 0; path = "Early Voting.app"; sourceTree = BUILT_PRODUCTS_DIR; };
		ECDD17FE1B3EC9250003B350 /* Info.plist */ = {isa = PBXFileReference; lastKnownFileType = text.plist.xml; path = Info.plist; sourceTree = "<group>"; };
		ECDD17FF1B3EC9250003B350 /* AppDelegate.swift */ = {isa = PBXFileReference; lastKnownFileType = sourcecode.swift; path = AppDelegate.swift; sourceTree = "<group>"; };
		ECDD18041B3EC9250003B350 /* Base */ = {isa = PBXFileReference; lastKnownFileType = file.storyboard; name = Base; path = Base.lproj/Main.storyboard; sourceTree = "<group>"; };
		ECDD18061B3EC9250003B350 /* Images.xcassets */ = {isa = PBXFileReference; lastKnownFileType = folder.assetcatalog; path = Images.xcassets; sourceTree = "<group>"; };
		ECDD18091B3EC9250003B350 /* Base */ = {isa = PBXFileReference; lastKnownFileType = file.xib; name = Base; path = Base.lproj/LaunchScreen.xib; sourceTree = "<group>"; };
		ECDD180F1B3EC9250003B350 /* Early VotingTests.xctest */ = {isa = PBXFileReference; explicitFileType = wrapper.cfbundle; includeInIndex = 0; path = "Early VotingTests.xctest"; sourceTree = BUILT_PRODUCTS_DIR; };
		ECDD18141B3EC9250003B350 /* Info.plist */ = {isa = PBXFileReference; lastKnownFileType = text.plist.xml; path = Info.plist; sourceTree = "<group>"; };
		ECDD18151B3EC9250003B350 /* Early_VotingTests.swift */ = {isa = PBXFileReference; lastKnownFileType = sourcecode.swift; path = Early_VotingTests.swift; sourceTree = "<group>"; };
/* End PBXFileReference section */

/* Begin PBXFrameworksBuildPhase section */
		ECDD17F71B3EC9240003B350 /* Frameworks */ = {
			isa = PBXFrameworksBuildPhase;
			buildActionMask = 2147483647;
			files = (
				EC1557701B43571900F31B67 /* libsqlite3.dylib in Frameworks */,
				EC4851DC1B4022B8006F70A8 /* MapKit.framework in Frameworks */,
			);
			runOnlyForDeploymentPostprocessing = 0;
		};
		ECDD180C1B3EC9250003B350 /* Frameworks */ = {
			isa = PBXFrameworksBuildPhase;
			buildActionMask = 2147483647;
			files = (
			);
			runOnlyForDeploymentPostprocessing = 0;
		};
/* End PBXFrameworksBuildPhase section */

/* Begin PBXGroup section */
		EC1557711B43579A00F31B67 /* Frameworks */ = {
			isa = PBXGroup;
			children = (
				EC1557761B435A5600F31B67 /* MBXConstantsAndTypes.h */,
				EC1557771B435A5600F31B67 /* MBXOfflineMapDatabase.h */,
				EC1557781B435A5600F31B67 /* MBXOfflineMapDatabase.m */,
				EC1557791B435A5600F31B67 /* MBXOfflineMapDownloader.h */,
				EC15577A1B435A5600F31B67 /* MBXOfflineMapDownloader.m */,
				EC15577B1B435A5600F31B67 /* MBXPointAnnotation.h */,
				EC15577C1B435A5600F31B67 /* MBXPointAnnotation.m */,
				EC15577D1B435A5600F31B67 /* MBXRasterTileOverlay.h */,
				EC15577E1B435A5600F31B67 /* MBXRasterTileOverlay.m */,
				EC15577F1B435A5600F31B67 /* MBXRasterTileRenderer.h */,
				EC1557801B435A5600F31B67 /* MBXRasterTileRenderer.m */,
				EC1557721B43580E00F31B67 /* MBXMapKit.h */,
				EC1557741B43584700F31B67 /* MBXMapKit.m */,
				EC1557731B43584700F31B67 /* Early Voting-Bridging-Header.h */,
			);
			name = Frameworks;
			sourceTree = "<group>";
		};
		ECDD17F11B3EC9240003B350 = {
			isa = PBXGroup;
			children = (
				EC15576F1B43571900F31B67 /* libsqlite3.dylib */,
				EC4851DB1B4022B8006F70A8 /* MapKit.framework */,
				ECDD17FC1B3EC9250003B350 /* Early Voting */,
				EC1557711B43579A00F31B67 /* Frameworks */,
				ECDD18121B3EC9250003B350 /* Early VotingTests */,
				ECDD17FB1B3EC9250003B350 /* Products */,
			);
			sourceTree = "<group>";
		};
		ECDD17FB1B3EC9250003B350 /* Products */ = {
			isa = PBXGroup;
			children = (
				ECDD17FA1B3EC9250003B350 /* Early Voting.app */,
				ECDD180F1B3EC9250003B350 /* Early VotingTests.xctest */,
			);
			name = Products;
			sourceTree = "<group>";
		};
		ECDD17FC1B3EC9250003B350 /* Early Voting */ = {
			isa = PBXGroup;
			children = (
				EC4851DD1B408A5E006F70A8 /* Counties.plist */,
				EC20EC101B3ECDAF005D8025 /* Data.swift */,
				EC20EC121B3ED2EE005D8025 /* IntroVC.swift */,
				EC20EC161B3EE403005D8025 /* CountiesTVC.swift */,
				EC20EC1C1B3F1C77005D8025 /* MapVC.swift */,
				ECDD18031B3EC9250003B350 /* Main.storyboard */,
				ECDD17FD1B3EC9250003B350 /* Supporting Files */,
			);
			path = "Early Voting";
			sourceTree = "<group>";
		};
		ECDD17FD1B3EC9250003B350 /* Supporting Files */ = {
			isa = PBXGroup;
			children = (
				ECDD17FF1B3EC9250003B350 /* AppDelegate.swift */,
				ECDD18061B3EC9250003B350 /* Images.xcassets */,
				ECDD18081B3EC9250003B350 /* LaunchScreen.xib */,
				ECDD17FE1B3EC9250003B350 /* Info.plist */,
			);
			name = "Supporting Files";
			sourceTree = "<group>";
		};
		ECDD18121B3EC9250003B350 /* Early VotingTests */ = {
			isa = PBXGroup;
			children = (
				ECDD18151B3EC9250003B350 /* Early_VotingTests.swift */,
				ECDD18131B3EC9250003B350 /* Supporting Files */,
			);
			path = "Early VotingTests";
			sourceTree = "<group>";
		};
		ECDD18131B3EC9250003B350 /* Supporting Files */ = {
			isa = PBXGroup;
			children = (
				ECDD18141B3EC9250003B350 /* Info.plist */,
			);
			name = "Supporting Files";
			sourceTree = "<group>";
		};
/* End PBXGroup section */

/* Begin PBXNativeTarget section */
		ECDD17F91B3EC9240003B350 /* Early Voting */ = {
			isa = PBXNativeTarget;
			buildConfigurationList = ECDD18191B3EC9250003B350 /* Build configuration list for PBXNativeTarget "Early Voting" */;
			buildPhases = (
				ECDD17F61B3EC9240003B350 /* Sources */,
				ECDD17F71B3EC9240003B350 /* Frameworks */,
				ECDD17F81B3EC9240003B350 /* Resources */,
			);
			buildRules = (
			);
			dependencies = (
			);
			name = "Early Voting";
			productName = "Early Voting";
			productReference = ECDD17FA1B3EC9250003B350 /* Early Voting.app */;
			productType = "com.apple.product-type.application";
		};
		ECDD180E1B3EC9250003B350 /* Early VotingTests */ = {
			isa = PBXNativeTarget;
			buildConfigurationList = ECDD181C1B3EC9250003B350 /* Build configuration list for PBXNativeTarget "Early VotingTests" */;
			buildPhases = (
				ECDD180B1B3EC9250003B350 /* Sources */,
				ECDD180C1B3EC9250003B350 /* Frameworks */,
				ECDD180D1B3EC9250003B350 /* Resources */,
			);
			buildRules = (
			);
			dependencies = (
				ECDD18111B3EC9250003B350 /* PBXTargetDependency */,
			);
			name = "Early VotingTests";
			productName = "Early VotingTests";
			productReference = ECDD180F1B3EC9250003B350 /* Early VotingTests.xctest */;
			productType = "com.apple.product-type.bundle.unit-test";
		};
/* End PBXNativeTarget section */

/* Begin PBXProject section */
		ECDD17F21B3EC9240003B350 /* Project object */ = {
			isa = PBXProject;
			attributes = {
				LastUpgradeCheck = 0630;
				ORGANIZATIONNAME = "Code for Atlanta";
				TargetAttributes = {
					ECDD17F91B3EC9240003B350 = {
						CreatedOnToolsVersion = 6.3.2;
						SystemCapabilities = {
							com.apple.Maps.iOS = {
								enabled = 1;
							};
						};
					};
					ECDD180E1B3EC9250003B350 = {
						CreatedOnToolsVersion = 6.3.2;
						TestTargetID = ECDD17F91B3EC9240003B350;
					};
				};
			};
			buildConfigurationList = ECDD17F51B3EC9240003B350 /* Build configuration list for PBXProject "Early Voting" */;
			compatibilityVersion = "Xcode 3.2";
			developmentRegion = English;
			hasScannedForEncodings = 0;
			knownRegions = (
				en,
				Base,
			);
			mainGroup = ECDD17F11B3EC9240003B350;
			productRefGroup = ECDD17FB1B3EC9250003B350 /* Products */;
			projectDirPath = "";
			projectRoot = "";
			targets = (
				ECDD17F91B3EC9240003B350 /* Early Voting */,
				ECDD180E1B3EC9250003B350 /* Early VotingTests */,
			);
		};
/* End PBXProject section */

/* Begin PBXResourcesBuildPhase section */
		ECDD17F81B3EC9240003B350 /* Resources */ = {
			isa = PBXResourcesBuildPhase;
			buildActionMask = 2147483647;
			files = (
				ECDD18051B3EC9250003B350 /* Main.storyboard in Resources */,
				ECDD180A1B3EC9250003B350 /* LaunchScreen.xib in Resources */,
				EC4851DE1B408A5E006F70A8 /* Counties.plist in Resources */,
				ECDD18071B3EC9250003B350 /* Images.xcassets in Resources */,
			);
			runOnlyForDeploymentPostprocessing = 0;
		};
		ECDD180D1B3EC9250003B350 /* Resources */ = {
			isa = PBXResourcesBuildPhase;
			buildActionMask = 2147483647;
			files = (
			);
			runOnlyForDeploymentPostprocessing = 0;
		};
/* End PBXResourcesBuildPhase section */

/* Begin PBXSourcesBuildPhase section */
		ECDD17F61B3EC9240003B350 /* Sources */ = {
			isa = PBXSourcesBuildPhase;
			buildActionMask = 2147483647;
			files = (
				EC1557851B435CCA00F31B67 /* MBXRasterTileOverlay.m in Sources */,
				EC20EC1D1B3F1C77005D8025 /* MapVC.swift in Sources */,
				ECDD18001B3EC9250003B350 /* AppDelegate.swift in Sources */,
				EC20EC111B3ECDAF005D8025 /* Data.swift in Sources */,
				EC1557841B435CCA00F31B67 /* MBXPointAnnotation.m in Sources */,
				EC1557861B435CCA00F31B67 /* MBXRasterTileRenderer.m in Sources */,
				EC20EC131B3ED2EE005D8025 /* IntroVC.swift in Sources */,
				EC1557871B435CCA00F31B67 /* MBXMapKit.m in Sources */,
				EC20EC171B3EE403005D8025 /* CountiesTVC.swift in Sources */,
				EC1557821B435CCA00F31B67 /* MBXOfflineMapDatabase.m in Sources */,
				EC1557831B435CCA00F31B67 /* MBXOfflineMapDownloader.m in Sources */,
			);
			runOnlyForDeploymentPostprocessing = 0;
		};
		ECDD180B1B3EC9250003B350 /* Sources */ = {
			isa = PBXSourcesBuildPhase;
			buildActionMask = 2147483647;
			files = (
				ECDD18161B3EC9250003B350 /* Early_VotingTests.swift in Sources */,
			);
			runOnlyForDeploymentPostprocessing = 0;
		};
/* End PBXSourcesBuildPhase section */

/* Begin PBXTargetDependency section */
		ECDD18111B3EC9250003B350 /* PBXTargetDependency */ = {
			isa = PBXTargetDependency;
			target = ECDD17F91B3EC9240003B350 /* Early Voting */;
			targetProxy = ECDD18101B3EC9250003B350 /* PBXContainerItemProxy */;
		};
/* End PBXTargetDependency section */

/* Begin PBXVariantGroup section */
		ECDD18031B3EC9250003B350 /* Main.storyboard */ = {
			isa = PBXVariantGroup;
			children = (
				ECDD18041B3EC9250003B350 /* Base */,
			);
			name = Main.storyboard;
			sourceTree = "<group>";
		};
		ECDD18081B3EC9250003B350 /* LaunchScreen.xib */ = {
			isa = PBXVariantGroup;
			children = (
				ECDD18091B3EC9250003B350 /* Base */,
			);
			name = LaunchScreen.xib;
			sourceTree = "<group>";
		};
/* End PBXVariantGroup section */

/* Begin XCBuildConfiguration section */
		ECDD18171B3EC9250003B350 /* Debug */ = {
			isa = XCBuildConfiguration;
			buildSettings = {
				ALWAYS_SEARCH_USER_PATHS = NO;
				CLANG_CXX_LANGUAGE_STANDARD = "gnu++0x";
				CLANG_CXX_LIBRARY = "libc++";
				CLANG_ENABLE_MODULES = YES;
				CLANG_ENABLE_OBJC_ARC = YES;
				CLANG_WARN_BOOL_CONVERSION = YES;
				CLANG_WARN_CONSTANT_CONVERSION = YES;
				CLANG_WARN_DIRECT_OBJC_ISA_USAGE = YES_ERROR;
				CLANG_WARN_EMPTY_BODY = YES;
				CLANG_WARN_ENUM_CONVERSION = YES;
				CLANG_WARN_INT_CONVERSION = YES;
				CLANG_WARN_OBJC_ROOT_CLASS = YES_ERROR;
				CLANG_WARN_UNREACHABLE_CODE = YES;
				CLANG_WARN__DUPLICATE_METHOD_MATCH = YES;
				"CODE_SIGN_IDENTITY[sdk=iphoneos*]" = "iPhone Developer";
				COPY_PHASE_STRIP = NO;
				DEBUG_INFORMATION_FORMAT = "dwarf-with-dsym";
				ENABLE_STRICT_OBJC_MSGSEND = YES;
				GCC_C_LANGUAGE_STANDARD = gnu99;
				GCC_DYNAMIC_NO_PIC = NO;
				GCC_NO_COMMON_BLOCKS = YES;
				GCC_OPTIMIZATION_LEVEL = 0;
				GCC_PREPROCESSOR_DEFINITIONS = (
					"DEBUG=1",
					"$(inherited)",
				);
				GCC_SYMBOLS_PRIVATE_EXTERN = NO;
				GCC_WARN_64_TO_32_BIT_CONVERSION = YES;
				GCC_WARN_ABOUT_RETURN_TYPE = YES_ERROR;
				GCC_WARN_UNDECLARED_SELECTOR = YES;
				GCC_WARN_UNINITIALIZED_AUTOS = YES_AGGRESSIVE;
				GCC_WARN_UNUSED_FUNCTION = YES;
				GCC_WARN_UNUSED_VARIABLE = YES;
				IPHONEOS_DEPLOYMENT_TARGET = 8.3;
				MTL_ENABLE_DEBUG_INFO = YES;
				ONLY_ACTIVE_ARCH = YES;
				SDKROOT = iphoneos;
				SWIFT_OPTIMIZATION_LEVEL = "-Onone";
				TARGETED_DEVICE_FAMILY = "1,2";
			};
			name = Debug;
		};
		ECDD18181B3EC9250003B350 /* Release */ = {
			isa = XCBuildConfiguration;
			buildSettings = {
				ALWAYS_SEARCH_USER_PATHS = NO;
				CLANG_CXX_LANGUAGE_STANDARD = "gnu++0x";
				CLANG_CXX_LIBRARY = "libc++";
				CLANG_ENABLE_MODULES = YES;
				CLANG_ENABLE_OBJC_ARC = YES;
				CLANG_WARN_BOOL_CONVERSION = YES;
				CLANG_WARN_CONSTANT_CONVERSION = YES;
				CLANG_WARN_DIRECT_OBJC_ISA_USAGE = YES_ERROR;
				CLANG_WARN_EMPTY_BODY = YES;
				CLANG_WARN_ENUM_CONVERSION = YES;
				CLANG_WARN_INT_CONVERSION = YES;
				CLANG_WARN_OBJC_ROOT_CLASS = YES_ERROR;
				CLANG_WARN_UNREACHABLE_CODE = YES;
				CLANG_WARN__DUPLICATE_METHOD_MATCH = YES;
				"CODE_SIGN_IDENTITY[sdk=iphoneos*]" = "iPhone Developer";
				COPY_PHASE_STRIP = NO;
				DEBUG_INFORMATION_FORMAT = "dwarf-with-dsym";
				ENABLE_NS_ASSERTIONS = NO;
				ENABLE_STRICT_OBJC_MSGSEND = YES;
				GCC_C_LANGUAGE_STANDARD = gnu99;
				GCC_NO_COMMON_BLOCKS = YES;
				GCC_WARN_64_TO_32_BIT_CONVERSION = YES;
				GCC_WARN_ABOUT_RETURN_TYPE = YES_ERROR;
				GCC_WARN_UNDECLARED_SELECTOR = YES;
				GCC_WARN_UNINITIALIZED_AUTOS = YES_AGGRESSIVE;
				GCC_WARN_UNUSED_FUNCTION = YES;
				GCC_WARN_UNUSED_VARIABLE = YES;
				IPHONEOS_DEPLOYMENT_TARGET = 8.3;
				MTL_ENABLE_DEBUG_INFO = NO;
				SDKROOT = iphoneos;
				TARGETED_DEVICE_FAMILY = "1,2";
				VALIDATE_PRODUCT = YES;
			};
			name = Release;
		};
		ECDD181A1B3EC9250003B350 /* Debug */ = {
			isa = XCBuildConfiguration;
			buildSettings = {
				ASSETCATALOG_COMPILER_APPICON_NAME = AppIcon;
				CLANG_ENABLE_MODULES = YES;
				INFOPLIST_FILE = "Early Voting/Info.plist";
				LD_RUNPATH_SEARCH_PATHS = "$(inherited) @executable_path/Frameworks";
				PRODUCT_NAME = "$(TARGET_NAME)";
				SWIFT_OBJC_BRIDGING_HEADER = "Early Voting-Bridging-Header.h";
				SWIFT_OPTIMIZATION_LEVEL = "-Onone";
			};
			name = Debug;
		};
		ECDD181B1B3EC9250003B350 /* Release */ = {
			isa = XCBuildConfiguration;
			buildSettings = {
				ASSETCATALOG_COMPILER_APPICON_NAME = AppIcon;
				CLANG_ENABLE_MODULES = YES;
				INFOPLIST_FILE = "Early Voting/Info.plist";
				LD_RUNPATH_SEARCH_PATHS = "$(inherited) @executable_path/Frameworks";
				PRODUCT_NAME = "$(TARGET_NAME)";
				SWIFT_OBJC_BRIDGING_HEADER = "Early Voting-Bridging-Header.h";
			};
			name = Release;
		};
		ECDD181D1B3EC9250003B350 /* Debug */ = {
			isa = XCBuildConfiguration;
			buildSettings = {
				BUNDLE_LOADER = "$(TEST_HOST)";
				FRAMEWORK_SEARCH_PATHS = (
					"$(SDKROOT)/Developer/Library/Frameworks",
					"$(inherited)",
				);
				GCC_PREPROCESSOR_DEFINITIONS = (
					"DEBUG=1",
					"$(inherited)",
				);
				INFOPLIST_FILE = "Early VotingTests/Info.plist";
				LD_RUNPATH_SEARCH_PATHS = "$(inherited) @executable_path/Frameworks @loader_path/Frameworks";
				PRODUCT_NAME = "$(TARGET_NAME)";
				TEST_HOST = "$(BUILT_PRODUCTS_DIR)/Early Voting.app/Early Voting";
			};
			name = Debug;
		};
		ECDD181E1B3EC9250003B350 /* Release */ = {
			isa = XCBuildConfiguration;
			buildSettings = {
				BUNDLE_LOADER = "$(TEST_HOST)";
				FRAMEWORK_SEARCH_PATHS = (
					"$(SDKROOT)/Developer/Library/Frameworks",
					"$(inherited)",
				);
				INFOPLIST_FILE = "Early VotingTests/Info.plist";
				LD_RUNPATH_SEARCH_PATHS = "$(inherited) @executable_path/Frameworks @loader_path/Frameworks";
				PRODUCT_NAME = "$(TARGET_NAME)";
				TEST_HOST = "$(BUILT_PRODUCTS_DIR)/Early Voting.app/Early Voting";
			};
			name = Release;
		};
/* End XCBuildConfiguration section */

/* Begin XCConfigurationList section */
		ECDD17F51B3EC9240003B350 /* Build configuration list for PBXProject "Early Voting" */ = {
			isa = XCConfigurationList;
			buildConfigurations = (
				ECDD18171B3EC9250003B350 /* Debug */,
				ECDD18181B3EC9250003B350 /* Release */,
			);
			defaultConfigurationIsVisible = 0;
			defaultConfigurationName = Release;
		};
		ECDD18191B3EC9250003B350 /* Build configuration list for PBXNativeTarget "Early Voting" */ = {
			isa = XCConfigurationList;
			buildConfigurations = (
				ECDD181A1B3EC9250003B350 /* Debug */,
				ECDD181B1B3EC9250003B350 /* Release */,
			);
			defaultConfigurationIsVisible = 0;
			defaultConfigurationName = Release;
		};
		ECDD181C1B3EC9250003B350 /* Build configuration list for PBXNativeTarget "Early VotingTests" */ = {
			isa = XCConfigurationList;
			buildConfigurations = (
				ECDD181D1B3EC9250003B350 /* Debug */,
				ECDD181E1B3EC9250003B350 /* Release */,
			);
			defaultConfigurationIsVisible = 0;
			defaultConfigurationName = Release;
		};
/* End XCConfigurationList section */
	};
	rootObject = ECDD17F21B3EC9240003B350 /* Project object */;
}
